
Microsoft Visual Studio Solution File, Format Version 12.00
# Visual Studio 15
VisualStudioVersion = 15.0.27130.2010
MinimumVisualStudioVersion = 10.0.40219.1
Project("{FAE04EC0-301F-11D3-BF4B-00C04F79EFBC}") = "linux_file_system", "linux_file_system\linux_file_system.csproj", "{BEE25853-5C39-4A96-B785-80033DDAEF2E}"
EndProject
Global
	GlobalSection(SolutionConfigurationPlatforms) = preSolution
		Debug|Any CPU = Debug|Any CPU
		Release|Any CPU = Release|Any CPU
	EndGlobalSection
	GlobalSection(ProjectConfigurationPlatforms) = postSolution
		{BEE25853-5C39-4A96-B785-80033DDAEF2E}.Debug|Any CPU.ActiveCfg = Debug|Any CPU
		{BEE25853-5C39-4A96-B785-80033DDAEF2E}.Debug|Any CPU.Build.0 = Debug|Any CPU
		{BEE25853-5C39-4A96-B785-80033DDAEF2E}.Release|Any CPU.ActiveCfg = Release|Any CPU
		{BEE25853-5C39-4A96-B785-80033DDAEF2E}.Release|Any CPU.Build.0 = Release|Any CPU
	EndGlobalSection
	GlobalSection(SolutionProperties) = preSolution
		HideSolutionNode = FALSE
	EndGlobalSection
	GlobalSection(ExtensibilityGlobals) = postSolution
		SolutionGuid = {94BE33C7-F6C9-4982-B228-F5946213C4EA}
	EndGlobalSection
EndGlobal
